
Microsoft Visual Studio Solution File, Format Version 12.00
# Visual Studio Version 17
VisualStudioVersion = 17.0.31903.59
MinimumVisualStudioVersion = 10.0.40219.1
Project("{FAE04EC0-301F-11D3-BF4B-00C04F79EFBC}") = "dj-service", "dj-service\dj-service.csproj", "{A969D00B-06ED-4A16-AF3E-1D345D7A6720}"
EndProject
Global
	GlobalSection(SolutionConfigurationPlatforms) = preSolution
		Debug|Any CPU = Debug|Any CPU
		Release|Any CPU = Release|Any CPU
	EndGlobalSection
	GlobalSection(SolutionProperties) = preSolution
		HideSolutionNode = FALSE
	EndGlobalSection
	GlobalSection(ProjectConfigurationPlatforms) = postSolution
		{A969D00B-06ED-4A16-AF3E-1D345D7A6720}.Debug|Any CPU.ActiveCfg = Debug|Any CPU
		{A969D00B-06ED-4A16-AF3E-1D345D7A6720}.Debug|Any CPU.Build.0 = Debug|Any CPU
		{A969D00B-06ED-4A16-AF3E-1D345D7A6720}.Release|Any CPU.ActiveCfg = Release|Any CPU
		{A969D00B-06ED-4A16-AF3E-1D345D7A6720}.Release|Any CPU.Build.0 = Release|Any CPU
	EndGlobalSection
EndGlobal
